// !$*UTF8*$!
{
	archiveVersion = 1;
	classes = {
	};
	objectVersion = 46;
	objects = {

/* Begin PBXBuildFile section */
		08931C471AC2417000841861 /* SagradaFamilia.jpeg in Resources */ = {isa = PBXBuildFile; fileRef = 08931C461AC2417000841861 /* SagradaFamilia.jpeg */; };
		9103FB961AC2FF770030CDA4 /* AlbertEinsteinStamp.jpg in Resources */ = {isa = PBXBuildFile; fileRef = 9103FB951AC2FF760030CDA4 /* AlbertEinsteinStamp.jpg */; };
		91254ED71AC1B72E0092EA4A /* AppDelegate.swift in Sources */ = {isa = PBXBuildFile; fileRef = 91254ED61AC1B72E0092EA4A /* AppDelegate.swift */; };
		91254ED91AC1B72E0092EA4A /* ViewController.swift in Sources */ = {isa = PBXBuildFile; fileRef = 91254ED81AC1B72E0092EA4A /* ViewController.swift */; };
		91254EDC1AC1B72E0092EA4A /* Main.storyboard in Resources */ = {isa = PBXBuildFile; fileRef = 91254EDA1AC1B72E0092EA4A /* Main.storyboard */; };
		91254EDE1AC1B72E0092EA4A /* Images.xcassets in Resources */ = {isa = PBXBuildFile; fileRef = 91254EDD1AC1B72E0092EA4A /* Images.xcassets */; };
		91254EE11AC1B72E0092EA4A /* LaunchScreen.xib in Resources */ = {isa = PBXBuildFile; fileRef = 91254EDF1AC1B72E0092EA4A /* LaunchScreen.xib */; };
		91254EED1AC1B72F0092EA4A /* PostcardTests.swift in Sources */ = {isa = PBXBuildFile; fileRef = 91254EEC1AC1B72F0092EA4A /* PostcardTests.swift */; };
/* End PBXBuildFile section */

/* Begin PBXContainerItemProxy section */
		91254EE71AC1B72F0092EA4A /* PBXContainerItemProxy */ = {
			isa = PBXContainerItemProxy;
			containerPortal = 91254EC91AC1B72C0092EA4A /* Project object */;
			proxyType = 1;
			remoteGlobalIDString = 91254ED01AC1B72D0092EA4A;
			remoteInfo = Postcard;
		};
/* End PBXContainerItemProxy section */

/* Begin PBXFileReference section */
		08931C461AC2417000841861 /* SagradaFamilia.jpeg */ = {isa = PBXFileReference; lastKnownFileType = image.jpeg; path = SagradaFamilia.jpeg; sourceTree = "<group>"; };
		9103FB951AC2FF760030CDA4 /* AlbertEinsteinStamp.jpg */ = {isa = PBXFileReference; lastKnownFileType = image.jpeg; path = AlbertEinsteinStamp.jpg; sourceTree = "<group>"; };
		91254ED11AC1B72D0092EA4A /* Postcard.app */ = {isa = PBXFileReference; explicitFileType = wrapper.application; includeInIndex = 0; path = Postcard.app; sourceTree = BUILT_PRODUCTS_DIR; };
		91254ED51AC1B72E0092EA4A /* Info.plist */ = {isa = PBXFileReference; lastKnownFileType = text.plist.xml; path = Info.plist; sourceTree = "<group>"; };
		91254ED61AC1B72E0092EA4A /* AppDelegate.swift */ = {isa = PBXFileReference; lastKnownFileType = sourcecode.swift; path = AppDelegate.swift; sourceTree = "<group>"; };
		91254ED81AC1B72E0092EA4A /* ViewController.swift */ = {isa = PBXFileReference; lastKnownFileType = sourcecode.swift; path = ViewController.swift; sourceTree = "<group>"; };
		91254EDB1AC1B72E0092EA4A /* Base */ = {isa = PBXFileReference; lastKnownFileType = file.storyboard; name = Base; path = Base.lproj/Main.storyboard; sourceTree = "<group>"; };
		91254EDD1AC1B72E0092EA4A /* Images.xcassets */ = {isa = PBXFileReference; lastKnownFileType = folder.assetcatalog; path = Images.xcassets; sourceTree = "<group>"; };
		91254EE01AC1B72E0092EA4A /* Base */ = {isa = PBXFileReference; lastKnownFileType = file.xib; name = Base; path = Base.lproj/LaunchScreen.xib; sourceTree = "<group>"; };
		91254EE61AC1B72F0092EA4A /* PostcardTests.xctest */ = {isa = PBXFileReference; explicitFileType = wrapper.cfbundle; includeInIndex = 0; path = PostcardTests.xctest; sourceTree = BUILT_PRODUCTS_DIR; };
		91254EEB1AC1B72F0092EA4A /* Info.plist */ = {isa = PBXFileReference; lastKnownFileType = text.plist.xml; path = Info.plist; sourceTree = "<group>"; };
		91254EEC1AC1B72F0092EA4A /* PostcardTests.swift */ = {isa = PBXFileReference; lastKnownFileType = sourcecode.swift; path = PostcardTests.swift; sourceTree = "<group>"; };
/* End PBXFileReference section */

/* Begin PBXFrameworksBuildPhase section */
		91254ECE1AC1B72D0092EA4A /* Frameworks */ = {
			isa = PBXFrameworksBuildPhase;
			buildActionMask = 2147483647;
			files = (
			);
			runOnlyForDeploymentPostprocessing = 0;
		};
		91254EE31AC1B72F0092EA4A /* Frameworks */ = {
			isa = PBXFrameworksBuildPhase;
			buildActionMask = 2147483647;
			files = (
			);
			runOnlyForDeploymentPostprocessing = 0;
		};
/* End PBXFrameworksBuildPhase section */

/* Begin PBXGroup section */
		91254EC81AC1B72C0092EA4A = {
			isa = PBXGroup;
			children = (
				91254ED31AC1B72D0092EA4A /* Postcard */,
				91254EE91AC1B72F0092EA4A /* PostcardTests */,
				91254ED21AC1B72D0092EA4A /* Products */,
			);
			sourceTree = "<group>";
		};
		91254ED21AC1B72D0092EA4A /* Products */ = {
			isa = PBXGroup;
			children = (
				91254ED11AC1B72D0092EA4A /* Postcard.app */,
				91254EE61AC1B72F0092EA4A /* PostcardTests.xctest */,
			);
			name = Products;
			sourceTree = "<group>";
		};
		91254ED31AC1B72D0092EA4A /* Postcard */ = {
			isa = PBXGroup;
			children = (
				91254ED61AC1B72E0092EA4A /* AppDelegate.swift */,
				91254ED81AC1B72E0092EA4A /* ViewController.swift */,
				91254EDA1AC1B72E0092EA4A /* Main.storyboard */,
				91254EDD1AC1B72E0092EA4A /* Images.xcassets */,
				91254EDF1AC1B72E0092EA4A /* LaunchScreen.xib */,
				91254ED41AC1B72E0092EA4A /* Supporting Files */,
			);
			path = Postcard;
			sourceTree = "<group>";
		};
		91254ED41AC1B72E0092EA4A /* Supporting Files */ = {
			isa = PBXGroup;
			children = (
				08931C461AC2417000841861 /* SagradaFamilia.jpeg */,
				9103FB951AC2FF760030CDA4 /* AlbertEinsteinStamp.jpg */,
				91254ED51AC1B72E0092EA4A /* Info.plist */,
			);
			name = "Supporting Files";
			sourceTree = "<group>";
		};
		91254EE91AC1B72F0092EA4A /* PostcardTests */ = {
			isa = PBXGroup;
			children = (
				91254EEC1AC1B72F0092EA4A /* PostcardTests.swift */,
				91254EEA1AC1B72F0092EA4A /* Supporting Files */,
			);
			path = PostcardTests;
			sourceTree = "<group>";
		};
		91254EEA1AC1B72F0092EA4A /* Supporting Files */ = {
			isa = PBXGroup;
			children = (
				91254EEB1AC1B72F0092EA4A /* Info.plist */,
			);
			name = "Supporting Files";
			sourceTree = "<group>";
		};
/* End PBXGroup section */

/* Begin PBXNativeTarget section */
		91254ED01AC1B72D0092EA4A /* Postcard */ = {
			isa = PBXNativeTarget;
			buildConfigurationList = 91254EF01AC1B7300092EA4A /* Build configuration list for PBXNativeTarget "Postcard" */;
			buildPhases = (
				91254ECD1AC1B72D0092EA4A /* Sources */,
				91254ECE1AC1B72D0092EA4A /* Frameworks */,
				91254ECF1AC1B72D0092EA4A /* Resources */,
			);
			buildRules = (
			);
			dependencies = (
			);
			name = Postcard;
			productName = Postcard;
			productReference = 91254ED11AC1B72D0092EA4A /* Postcard.app */;
			productType = "com.apple.product-type.application";
		};
		91254EE51AC1B72F0092EA4A /* PostcardTests */ = {
			isa = PBXNativeTarget;
			buildConfigurationList = 91254EF31AC1B7300092EA4A /* Build configuration list for PBXNativeTarget "PostcardTests" */;
			buildPhases = (
				91254EE21AC1B72F0092EA4A /* Sources */,
				91254EE31AC1B72F0092EA4A /* Frameworks */,
				91254EE41AC1B72F0092EA4A /* Resources */,
			);
			buildRules = (
			);
			dependencies = (
				91254EE81AC1B72F0092EA4A /* PBXTargetDependency */,
			);
			name = PostcardTests;
			productName = PostcardTests;
			productReference = 91254EE61AC1B72F0092EA4A /* PostcardTests.xctest */;
			productType = "com.apple.product-type.bundle.unit-test";
		};
/* End PBXNativeTarget section */

/* Begin PBXProject section */
		91254EC91AC1B72C0092EA4A /* Project object */ = {
			isa = PBXProject;
			attributes = {
				LastUpgradeCheck = 0620;
				ORGANIZATIONNAME = "Rick Paape";
				TargetAttributes = {
					91254ED01AC1B72D0092EA4A = {
						CreatedOnToolsVersion = 6.2;
						DevelopmentTeam = Z35S358FTZ;
					};
					91254EE51AC1B72F0092EA4A = {
						CreatedOnToolsVersion = 6.2;
						TestTargetID = 91254ED01AC1B72D0092EA4A;
					};
				};
			};
			buildConfigurationList = 91254ECC1AC1B72D0092EA4A /* Build configuration list for PBXProject "Postcard" */;
			compatibilityVersion = "Xcode 3.2";
			developmentRegion = English;
			hasScannedForEncodings = 0;
			knownRegions = (
				en,
				Base,
			);
			mainGroup = 91254EC81AC1B72C0092EA4A;
			productRefGroup = 91254ED21AC1B72D0092EA4A /* Products */;
			projectDirPath = "";
			projectRoot = "";
			targets = (
				91254ED01AC1B72D0092EA4A /* Postcard */,
				91254EE51AC1B72F0092EA4A /* PostcardTests */,
			);
		};
/* End PBXProject section */

/* Begin PBXResourcesBuildPhase section */
		91254ECF1AC1B72D0092EA4A /* Resources */ = {
			isa = PBXResourcesBuildPhase;
			buildActionMask = 2147483647;
			files = (
				91254EDC1AC1B72E0092EA4A /* Main.storyboard in Resources */,
				08931C471AC2417000841861 /* SagradaFamilia.jpeg in Resources */,
				9103FB961AC2FF770030CDA4 /* AlbertEinsteinStamp.jpg in Resources */,
				91254EE11AC1B72E0092EA4A /* LaunchScreen.xib in Resources */,
				91254EDE1AC1B72E0092EA4A /* Images.xcassets in Resources */,
			);
			runOnlyForDeploymentPostprocessing = 0;
		};
		91254EE41AC1B72F0092EA4A /* Resources */ = {
			isa = PBXResourcesBuildPhase;
			buildActionMask = 2147483647;
			files = (
			);
			runOnlyForDeploymentPostprocessing = 0;
		};
/* End PBXResourcesBuildPhase section */

/* Begin PBXSourcesBuildPhase section */
		91254ECD1AC1B72D0092EA4A /* Sources */ = {
			isa = PBXSourcesBuildPhase;
			buildActionMask = 2147483647;
			files = (
				91254ED91AC1B72E0092EA4A /* ViewController.swift in Sources */,
				91254ED71AC1B72E0092EA4A /* AppDelegate.swift in Sources */,
			);
			runOnlyForDeploymentPostprocessing = 0;
		};
		91254EE21AC1B72F0092EA4A /* Sources */ = {
			isa = PBXSourcesBuildPhase;
			buildActionMask = 2147483647;
			files = (
				91254EED1AC1B72F0092EA4A /* PostcardTests.swift in Sources */,
			);
			runOnlyForDeploymentPostprocessing = 0;
		};
/* End PBXSourcesBuildPhase section */

/* Begin PBXTargetDependency section */
		91254EE81AC1B72F0092EA4A /* PBXTargetDependency */ = {
			isa = PBXTargetDependency;
			target = 91254ED01AC1B72D0092EA4A /* Postcard */;
			targetProxy = 91254EE71AC1B72F0092EA4A /* PBXContainerItemProxy */;
		};
/* End PBXTargetDependency section */

/* Begin PBXVariantGroup section */
		91254EDA1AC1B72E0092EA4A /* Main.storyboard */ = {
			isa = PBXVariantGroup;
			children = (
				91254EDB1AC1B72E0092EA4A /* Base */,
			);
			name = Main.storyboard;
			sourceTree = "<group>";
		};
		91254EDF1AC1B72E0092EA4A /* LaunchScreen.xib */ = {
			isa = PBXVariantGroup;
			children = (
				91254EE01AC1B72E0092EA4A /* Base */,
			);
			name = LaunchScreen.xib;
			sourceTree = "<group>";
		};
/* End PBXVariantGroup section */

/* Begin XCBuildConfiguration section */
		91254EEE1AC1B72F0092EA4A /* Debug */ = {
			isa = XCBuildConfiguration;
			buildSettings = {
				ALWAYS_SEARCH_USER_PATHS = NO;
				CLANG_CXX_LANGUAGE_STANDARD = "gnu++0x";
				CLANG_CXX_LIBRARY = "libc++";
				CLANG_ENABLE_MODULES = YES;
				CLANG_ENABLE_OBJC_ARC = YES;
				CLANG_WARN_BOOL_CONVERSION = YES;
				CLANG_WARN_CONSTANT_CONVERSION = YES;
				CLANG_WARN_DIRECT_OBJC_ISA_USAGE = YES_ERROR;
				CLANG_WARN_EMPTY_BODY = YES;
				CLANG_WARN_ENUM_CONVERSION = YES;
				CLANG_WARN_INT_CONVERSION = YES;
				CLANG_WARN_OBJC_ROOT_CLASS = YES_ERROR;
				CLANG_WARN_UNREACHABLE_CODE = YES;
				CLANG_WARN__DUPLICATE_METHOD_MATCH = YES;
				"CODE_SIGN_IDENTITY[sdk=iphoneos*]" = "iPhone Developer";
				COPY_PHASE_STRIP = NO;
				ENABLE_STRICT_OBJC_MSGSEND = YES;
				GCC_C_LANGUAGE_STANDARD = gnu99;
				GCC_DYNAMIC_NO_PIC = NO;
				GCC_OPTIMIZATION_LEVEL = 0;
				GCC_PREPROCESSOR_DEFINITIONS = (
					"DEBUG=1",
					"$(inherited)",
				);
				GCC_SYMBOLS_PRIVATE_EXTERN = NO;
				GCC_WARN_64_TO_32_BIT_CONVERSION = YES;
				GCC_WARN_ABOUT_RETURN_TYPE = YES_ERROR;
				GCC_WARN_UNDECLARED_SELECTOR = YES;
				GCC_WARN_UNINITIALIZED_AUTOS = YES_AGGRESSIVE;
				GCC_WARN_UNUSED_FUNCTION = YES;
				GCC_WARN_UNUSED_VARIABLE = YES;
				IPHONEOS_DEPLOYMENT_TARGET = 8.2;
				MTL_ENABLE_DEBUG_INFO = YES;
				ONLY_ACTIVE_ARCH = YES;
				SDKROOT = iphoneos;
				SWIFT_OPTIMIZATION_LEVEL = "-Onone";
				TARGETED_DEVICE_FAMILY = "1,2";
			};
			name = Debug;
		};
		91254EEF1AC1B72F0092EA4A /* Release */ = {
			isa = XCBuildConfiguration;
			buildSettings = {
				ALWAYS_SEARCH_USER_PATHS = NO;
				CLANG_CXX_LANGUAGE_STANDARD = "gnu++0x";
				CLANG_CXX_LIBRARY = "libc++";
				CLANG_ENABLE_MODULES = YES;
				CLANG_ENABLE_OBJC_ARC = YES;
				CLANG_WARN_BOOL_CONVERSION = YES;
				CLANG_WARN_CONSTANT_CONVERSION = YES;
				CLANG_WARN_DIRECT_OBJC_ISA_USAGE = YES_ERROR;
				CLANG_WARN_EMPTY_BODY = YES;
				CLANG_WARN_ENUM_CONVERSION = YES;
				CLANG_WARN_INT_CONVERSION = YES;
				CLANG_WARN_OBJC_ROOT_CLASS = YES_ERROR;
				CLANG_WARN_UNREACHABLE_CODE = YES;
				CLANG_WARN__DUPLICATE_METHOD_MATCH = YES;
				"CODE_SIGN_IDENTITY[sdk=iphoneos*]" = "iPhone Developer";
				COPY_PHASE_STRIP = NO;
				ENABLE_NS_ASSERTIONS = NO;
				ENABLE_STRICT_OBJC_MSGSEND = YES;
				GCC_C_LANGUAGE_STANDARD = gnu99;
				GCC_WARN_64_TO_32_BIT_CONVERSION = YES;
				GCC_WARN_ABOUT_RETURN_TYPE = YES_ERROR;
				GCC_WARN_UNDECLARED_SELECTOR = YES;
				GCC_WARN_UNINITIALIZED_AUTOS = YES_AGGRESSIVE;
				GCC_WARN_UNUSED_FUNCTION = YES;
				GCC_WARN_UNUSED_VARIABLE = YES;
				IPHONEOS_DEPLOYMENT_TARGET = 8.2;
				MTL_ENABLE_DEBUG_INFO = NO;
				SDKROOT = iphoneos;
				TARGETED_DEVICE_FAMILY = "1,2";
				VALIDATE_PRODUCT = YES;
			};
			name = Release;
		};
		91254EF11AC1B7300092EA4A /* Debug */ = {
			isa = XCBuildConfiguration;
			buildSettings = {
				ASSETCATALOG_COMPILER_APPICON_NAME = AppIcon;
				CODE_SIGN_IDENTITY = "iPhone Developer";
				INFOPLIST_FILE = Postcard/Info.plist;
				LD_RUNPATH_SEARCH_PATHS = "$(inherited) @executable_path/Frameworks";
				PRODUCT_NAME = "$(TARGET_NAME)";
			};
			name = Debug;
		};
		91254EF21AC1B7300092EA4A /* Release */ = {
			isa = XCBuildConfiguration;
			buildSettings = {
				ASSETCATALOG_COMPILER_APPICON_NAME = AppIcon;
				CODE_SIGN_IDENTITY = "iPhone Developer";
				INFOPLIST_FILE = Postcard/Info.plist;
				LD_RUNPATH_SEARCH_PATHS = "$(inherited) @executable_path/Frameworks";
				PRODUCT_NAME = "$(TARGET_NAME)";
			};
			name = Release;
		};
		91254EF41AC1B7300092EA4A /* Debug */ = {
			isa = XCBuildConfiguration;
			buildSettings = {
				BUNDLE_LOADER = "$(TEST_HOST)";
				FRAMEWORK_SEARCH_PATHS = (
					"$(SDKROOT)/Developer/Library/Frameworks",
					"$(inherited)",
				);
				GCC_PREPROCESSOR_DEFINITIONS = (
					"DEBUG=1",
					"$(inherited)",
				);
				INFOPLIST_FILE = PostcardTests/Info.plist;
				LD_RUNPATH_SEARCH_PATHS = "$(inherited) @executable_path/Frameworks @loader_path/Frameworks";
				PRODUCT_NAME = "$(TARGET_NAME)";
				TEST_HOST = "$(BUILT_PRODUCTS_DIR)/Postcard.app/Postcard";
			};
			name = Debug;
		};
		91254EF51AC1B7300092EA4A /* Release */ = {
			isa = XCBuildConfiguration;
			buildSettings = {
				BUNDLE_LOADER = "$(TEST_HOST)";
				FRAMEWORK_SEARCH_PATHS = (
					"$(SDKROOT)/Developer/Library/Frameworks",
					"$(inherited)",
				);
				INFOPLIST_FILE = PostcardTests/Info.plist;
				LD_RUNPATH_SEARCH_PATHS = "$(inherited) @executable_path/Frameworks @loader_path/Frameworks";
				PRODUCT_NAME = "$(TARGET_NAME)";
				TEST_HOST = "$(BUILT_PRODUCTS_DIR)/Postcard.app/Postcard";
			};
			name = Release;
		};
/* End XCBuildConfiguration section */

/* Begin XCConfigurationList section */
		91254ECC1AC1B72D0092EA4A /* Build configuration list for PBXProject "Postcard" */ = {
			isa = XCConfigurationList;
			buildConfigurations = (
				91254EEE1AC1B72F0092EA4A /* Debug */,
				91254EEF1AC1B72F0092EA4A /* Release */,
			);
			defaultConfigurationIsVisible = 0;
			defaultConfigurationName = Release;
		};
		91254EF01AC1B7300092EA4A /* Build configuration list for PBXNativeTarget "Postcard" */ = {
			isa = XCConfigurationList;
			buildConfigurations = (
				91254EF11AC1B7300092EA4A /* Debug */,
				91254EF21AC1B7300092EA4A /* Release */,
			);
			defaultConfigurationIsVisible = 0;
			defaultConfigurationName = Release;
		};
		91254EF31AC1B7300092EA4A /* Build configuration list for PBXNativeTarget "PostcardTests" */ = {
			isa = XCConfigurationList;
			buildConfigurations = (
				91254EF41AC1B7300092EA4A /* Debug */,
				91254EF51AC1B7300092EA4A /* Release */,
			);
			defaultConfigurationIsVisible = 0;
			defaultConfigurationName = Release;
		};
/* End XCConfigurationList section */
	};
	rootObject = 91254EC91AC1B72C0092EA4A /* Project object */;
}
